
Microsoft Visual Studio Solution File, Format Version 12.00
# Visual Studio Version 16
VisualStudioVersion = 16.0.29509.3
MinimumVisualStudioVersion = 10.0.40219.1
Project("{FAE04EC0-301F-11D3-BF4B-00C04F79EFBC}") = "Slomorje-gui", "Slomorje-gui.csproj", "{50689E73-73E0-46DC-ADA1-7F7F3CEB969C}"
EndProject
Global
	GlobalSection(SolutionConfigurationPlatforms) = preSolution
		Debug|Any CPU = Debug|Any CPU
		Release|Any CPU = Release|Any CPU
	EndGlobalSection
	GlobalSection(ProjectConfigurationPlatforms) = postSolution
		{50689E73-73E0-46DC-ADA1-7F7F3CEB969C}.Debug|Any CPU.ActiveCfg = Debug|Any CPU
		{50689E73-73E0-46DC-ADA1-7F7F3CEB969C}.Debug|Any CPU.Build.0 = Debug|Any CPU
		{50689E73-73E0-46DC-ADA1-7F7F3CEB969C}.Release|Any CPU.ActiveCfg = Release|Any CPU
		{50689E73-73E0-46DC-ADA1-7F7F3CEB969C}.Release|Any CPU.Build.0 = Release|Any CPU
	EndGlobalSection
	GlobalSection(SolutionProperties) = preSolution
		HideSolutionNode = FALSE
	EndGlobalSection
	GlobalSection(ExtensibilityGlobals) = postSolution
		SolutionGuid = {FA8A1718-AA70-4DAE-A503-BC7273E0DB20}
	EndGlobalSection
EndGlobal
